
Microsoft Visual Studio Solution File, Format Version 12.00
# Visual Studio Version 17
VisualStudioVersion = 17.5.002.0
MinimumVisualStudioVersion = 10.0.40219.1
Project("{9A19103F-16F7-4668-BE54-9A1E7A4F7556}") = "Day1", "Day1.csproj", "{D9C01088-83B7-48B3-8D42-B74971C3D28A}"
EndProject
Global
	GlobalSection(SolutionConfigurationPlatforms) = preSolution
		Debug|Any CPU = Debug|Any CPU
		Release|Any CPU = Release|Any CPU
	EndGlobalSection
	GlobalSection(ProjectConfigurationPlatforms) = postSolution
		{D9C01088-83B7-48B3-8D42-B74971C3D28A}.Debug|Any CPU.ActiveCfg = Debug|Any CPU
		{D9C01088-83B7-48B3-8D42-B74971C3D28A}.Debug|Any CPU.Build.0 = Debug|Any CPU
		{D9C01088-83B7-48B3-8D42-B74971C3D28A}.Release|Any CPU.ActiveCfg = Release|Any CPU
		{D9C01088-83B7-48B3-8D42-B74971C3D28A}.Release|Any CPU.Build.0 = Release|Any CPU
	EndGlobalSection
	GlobalSection(SolutionProperties) = preSolution
		HideSolutionNode = FALSE
	EndGlobalSection
	GlobalSection(ExtensibilityGlobals) = postSolution
		SolutionGuid = {C7A3CB33-1761-49DC-A5E6-E728572586B1}
	EndGlobalSection
EndGlobal
